
Microsoft Visual Studio Solution File, Format Version 12.00
# Visual Studio 15
VisualStudioVersion = 15.0.28307.1972
MinimumVisualStudioVersion = 10.0.40219.1
Project("{FAE04EC0-301F-11D3-BF4B-00C04F79EFBC}") = "ToodleDo", "ToodleDo\ToodleDo.csproj", "{0DBB5DAB-B722-4C19-9870-00F23159EF5A}"
EndProject
Global
	GlobalSection(SolutionConfigurationPlatforms) = preSolution
		Debug|Any CPU = Debug|Any CPU
		Release|Any CPU = Release|Any CPU
	EndGlobalSection
	GlobalSection(ProjectConfigurationPlatforms) = postSolution
		{0DBB5DAB-B722-4C19-9870-00F23159EF5A}.Debug|Any CPU.ActiveCfg = Debug|Any CPU
		{0DBB5DAB-B722-4C19-9870-00F23159EF5A}.Debug|Any CPU.Build.0 = Debug|Any CPU
		{0DBB5DAB-B722-4C19-9870-00F23159EF5A}.Release|Any CPU.ActiveCfg = Release|Any CPU
		{0DBB5DAB-B722-4C19-9870-00F23159EF5A}.Release|Any CPU.Build.0 = Release|Any CPU
	EndGlobalSection
	GlobalSection(SolutionProperties) = preSolution
		HideSolutionNode = FALSE
	EndGlobalSection
	GlobalSection(ExtensibilityGlobals) = postSolution
		SolutionGuid = {D4D90266-51EA-4381-B7E1-40C1C0842928}
	EndGlobalSection
EndGlobal
